
Microsoft Visual Studio Solution File, Format Version 12.00
# Visual Studio Version 17
VisualStudioVersion = 17.4.33213.308
MinimumVisualStudioVersion = 10.0.40219.1
Project("{9A19103F-16F7-4668-BE54-9A1E7A4F7556}") = "calculator", "calculator.csproj", "{58D1C86F-DA3E-4A4F-91A9-A9B037361349}"
EndProject
Project("{FAE04EC0-301F-11D3-BF4B-00C04F79EFBC}") = "calculatorTests", "..\calculatorTests\calculatorTests.csproj", "{B8F873D2-64B6-4C63-A30A-30466087FC21}"
EndProject
Global
	GlobalSection(SolutionConfigurationPlatforms) = preSolution
		Debug|Any CPU = Debug|Any CPU
		Release|Any CPU = Release|Any CPU
	EndGlobalSection
	GlobalSection(ProjectConfigurationPlatforms) = postSolution
		{58D1C86F-DA3E-4A4F-91A9-A9B037361349}.Debug|Any CPU.ActiveCfg = Debug|Any CPU
		{58D1C86F-DA3E-4A4F-91A9-A9B037361349}.Debug|Any CPU.Build.0 = Debug|Any CPU
		{58D1C86F-DA3E-4A4F-91A9-A9B037361349}.Release|Any CPU.ActiveCfg = Release|Any CPU
		{58D1C86F-DA3E-4A4F-91A9-A9B037361349}.Release|Any CPU.Build.0 = Release|Any CPU
		{B8F873D2-64B6-4C63-A30A-30466087FC21}.Debug|Any CPU.ActiveCfg = Debug|Any CPU
		{B8F873D2-64B6-4C63-A30A-30466087FC21}.Debug|Any CPU.Build.0 = Debug|Any CPU
		{B8F873D2-64B6-4C63-A30A-30466087FC21}.Release|Any CPU.ActiveCfg = Release|Any CPU
		{B8F873D2-64B6-4C63-A30A-30466087FC21}.Release|Any CPU.Build.0 = Release|Any CPU
	EndGlobalSection
	GlobalSection(SolutionProperties) = preSolution
		HideSolutionNode = FALSE
	EndGlobalSection
	GlobalSection(ExtensibilityGlobals) = postSolution
		SolutionGuid = {24DC9B5C-1D2D-429F-BDF3-9A78432E61B1}
	EndGlobalSection
EndGlobal
